// !$*UTF8*$!
{
	archiveVersion = 1;
	classes = {
	};
	objectVersion = 77;
	objects = {

/* Begin PBXBuildFile section */
		524CC5082E877CB700962621 /* sputnik.cpp in Sources */ = {isa = PBXBuildFile; fileRef = 524CC4E72E877CB700962621 /* sputnik.cpp */; };
		524CC5092E877CB700962621 /* position.cpp in Sources */ = {isa = PBXBuildFile; fileRef = 524CC4DD2E877CB700962621 /* position.cpp */; };
		524CC50A2E877CB700962621 /* hubble.cpp in Sources */ = {isa = PBXBuildFile; fileRef = 524CC4CF2E877CB700962621 /* hubble.cpp */; };
		524CC50B2E877CB700962621 /* velocity.cpp in Sources */ = {isa = PBXBuildFile; fileRef = 524CC5062E877CB700962621 /* velocity.cpp */; };
		524CC50C2E877CB700962621 /* physics.cpp in Sources */ = {isa = PBXBuildFile; fileRef = 524CC4DA2E877CB700962621 /* physics.cpp */; };
		524CC50D2E877CB700962621 /* part.cpp in Sources */ = {isa = PBXBuildFile; fileRef = 524CC4D72E877CB700962621 /* part.cpp */; };
		524CC50E2E877CB700962621 /* fragment.cpp in Sources */ = {isa = PBXBuildFile; fileRef = 524CC4C92E877CB700962621 /* fragment.cpp */; };
		524CC50F2E877CB700962621 /* uiDraw.cpp in Sources */ = {isa = PBXBuildFile; fileRef = 524CC4FF2E877CB700962621 /* uiDraw.cpp */; };
		524CC5102E877CB700962621 /* DreamChaser.cpp in Sources */ = {isa = PBXBuildFile; fileRef = 524CC4C62E877CB700962621 /* DreamChaser.cpp */; };
		524CC5112E877CB700962621 /* starlink.cpp in Sources */ = {isa = PBXBuildFile; fileRef = 524CC4EB2E877CB700962621 /* starlink.cpp */; };
		524CC5122E877CB700962621 /* acceleration.cpp in Sources */ = {isa = PBXBuildFile; fileRef = 524CC4BD2E877CB700962621 /* acceleration.cpp */; };
		524CC5132E877CB700962621 /* dragon.cpp in Sources */ = {isa = PBXBuildFile; fileRef = 524CC4C32E877CB700962621 /* dragon.cpp */; };
		524CC5142E877CB700962621 /* uiInteract.cpp in Sources */ = {isa = PBXBuildFile; fileRef = 524CC5022E877CB700962621 /* uiInteract.cpp */; };
		524CC5152E877CB700962621 /* Lab07.cpp in Sources */ = {isa = PBXBuildFile; fileRef = 524CC4D12E877CB700962621 /* Lab07.cpp */; };
		524CC5162E877CB700962621 /* satellite.cpp in Sources */ = {isa = PBXBuildFile; fileRef = 524CC4E42E877CB700962621 /* satellite.cpp */; };
		524CC5172E877CB700962621 /* gps.cpp in Sources */ = {isa = PBXBuildFile; fileRef = 524CC4CC2E877CB700962621 /* gps.cpp */; };
		524CC5182E877CB700962621 /* test.cpp in Sources */ = {isa = PBXBuildFile; fileRef = 524CC4EE2E877CB700962621 /* test.cpp */; };
		524CC5192E877CB700962621 /* Makefile in Sources */ = {isa = PBXBuildFile; fileRef = 524CC4D32E877CB700962621 /* Makefile */; };
		524CC51A2E877CB700962621 /* angle.cpp in Sources */ = {isa = PBXBuildFile; fileRef = 524CC4C02E877CB700962621 /* angle.cpp */; };
		524CC51B2E877CB700962621 /* projectile.cpp in Sources */ = {isa = PBXBuildFile; fileRef = 524CC4E02E877CB700962621 /* projectile.cpp */; };
		524CC5312E877DCA00962621 /* OpenGL.framework in Frameworks */ = {isa = PBXBuildFile; fileRef = 524CC5302E877DCA00962621 /* OpenGL.framework */; };
		524CC5332E877DD100962621 /* GLUT.framework in Frameworks */ = {isa = PBXBuildFile; fileRef = 524CC5322E877DD100962621 /* GLUT.framework */; };
/* End PBXBuildFile section */

/* Begin PBXCopyFilesBuildPhase section */
		524CC4B02E8779FF00962621 /* CopyFiles */ = {
			isa = PBXCopyFilesBuildPhase;
			buildActionMask = 2147483647;
			dstPath = /usr/share/man/man1/;
			dstSubfolderSpec = 0;
			files = (
			);
			runOnlyForDeploymentPostprocessing = 1;
		};
/* End PBXCopyFilesBuildPhase section */

/* Begin PBXFileReference section */
		524CC4B22E8779FF00962621 /* OrbitSimulator */ = {isa = PBXFileReference; explicitFileType = "compiled.mach-o.executable"; includeInIndex = 0; path = OrbitSimulator; sourceTree = BUILT_PRODUCTS_DIR; };
		524CC4BC2E877CB700962621 /* acceleration.h */ = {isa = PBXFileReference; lastKnownFileType = sourcecode.c.h; name = acceleration.h; path = ../acceleration.h; sourceTree = SOURCE_ROOT; };
		524CC4BD2E877CB700962621 /* acceleration.cpp */ = {isa = PBXFileReference; lastKnownFileType = sourcecode.cpp.cpp; name = acceleration.cpp; path = ../acceleration.cpp; sourceTree = SOURCE_ROOT; };
		524CC4BF2E877CB700962621 /* angle.h */ = {isa = PBXFileReference; lastKnownFileType = sourcecode.c.h; name = angle.h; path = ../angle.h; sourceTree = SOURCE_ROOT; };
		524CC4C02E877CB700962621 /* angle.cpp */ = {isa = PBXFileReference; lastKnownFileType = sourcecode.cpp.cpp; name = angle.cpp; path = ../angle.cpp; sourceTree = SOURCE_ROOT; };
		524CC4C22E877CB700962621 /* dragon.h */ = {isa = PBXFileReference; lastKnownFileType = sourcecode.c.h; name = dragon.h; path = ../dragon.h; sourceTree = SOURCE_ROOT; };
		524CC4C32E877CB700962621 /* dragon.cpp */ = {isa = PBXFileReference; lastKnownFileType = sourcecode.cpp.cpp; name = dragon.cpp; path = ../dragon.cpp; sourceTree = SOURCE_ROOT; };
		524CC4C52E877CB700962621 /* DreamChaser.h */ = {isa = PBXFileReference; lastKnownFileType = sourcecode.c.h; name = DreamChaser.h; path = ../DreamChaser.h; sourceTree = SOURCE_ROOT; };
		524CC4C62E877CB700962621 /* DreamChaser.cpp */ = {isa = PBXFileReference; lastKnownFileType = sourcecode.cpp.cpp; name = DreamChaser.cpp; path = ../DreamChaser.cpp; sourceTree = SOURCE_ROOT; };
		524CC4C82E877CB700962621 /* fragment.h */ = {isa = PBXFileReference; lastKnownFileType = sourcecode.c.h; name = fragment.h; path = ../fragment.h; sourceTree = SOURCE_ROOT; };
		524CC4C92E877CB700962621 /* fragment.cpp */ = {isa = PBXFileReference; lastKnownFileType = sourcecode.cpp.cpp; name = fragment.cpp; path = ../fragment.cpp; sourceTree = SOURCE_ROOT; };
		524CC4CB2E877CB700962621 /* gps.h */ = {isa = PBXFileReference; lastKnownFileType = sourcecode.c.h; name = gps.h; path = ../gps.h; sourceTree = SOURCE_ROOT; };
		524CC4CC2E877CB700962621 /* gps.cpp */ = {isa = PBXFileReference; lastKnownFileType = sourcecode.cpp.cpp; name = gps.cpp; path = ../gps.cpp; sourceTree = SOURCE_ROOT; };
		524CC4CE2E877CB700962621 /* hubble.h */ = {isa = PBXFileReference; lastKnownFileType = sourcecode.c.h; name = hubble.h; path = ../hubble.h; sourceTree = SOURCE_ROOT; };
		524CC4CF2E877CB700962621 /* hubble.cpp */ = {isa = PBXFileReference; lastKnownFileType = sourcecode.cpp.cpp; name = hubble.cpp; path = ../hubble.cpp; sourceTree = SOURCE_ROOT; };
		524CC4D12E877CB700962621 /* Lab07.cpp */ = {isa = PBXFileReference; lastKnownFileType = sourcecode.cpp.cpp; name = Lab07.cpp; path = ../Lab07.cpp; sourceTree = SOURCE_ROOT; };
		524CC4D32E877CB700962621 /* Makefile */ = {isa = PBXFileReference; lastKnownFileType = sourcecode.make; name = Makefile; path = ../Makefile; sourceTree = SOURCE_ROOT; };
		524CC4D42E877CB700962621 /* orbit */ = {isa = PBXFileReference; lastKnownFileType = "compiled.mach-o.executable"; name = orbit; path = ../orbit; sourceTree = SOURCE_ROOT; };
		524CC4D52E877CB700962621 /* OrbitalObject.h */ = {isa = PBXFileReference; lastKnownFileType = sourcecode.c.h; name = OrbitalObject.h; path = ../OrbitalObject.h; sourceTree = SOURCE_ROOT; };
		524CC4D62E877CB700962621 /* part.h */ = {isa = PBXFileReference; lastKnownFileType = sourcecode.c.h; name = part.h; path = ../part.h; sourceTree = SOURCE_ROOT; };
		524CC4D72E877CB700962621 /* part.cpp */ = {isa = PBXFileReference; lastKnownFileType = sourcecode.cpp.cpp; name = part.cpp; path = ../part.cpp; sourceTree = SOURCE_ROOT; };
		524CC4D92E877CB700962621 /* physics.h */ = {isa = PBXFileReference; lastKnownFileType = sourcecode.c.h; name = physics.h; path = ../physics.h; sourceTree = SOURCE_ROOT; };
		524CC4DA2E877CB700962621 /* physics.cpp */ = {isa = PBXFileReference; lastKnownFileType = sourcecode.cpp.cpp; name = physics.cpp; path = ../physics.cpp; sourceTree = SOURCE_ROOT; };
		524CC4DC2E877CB700962621 /* position.h */ = {isa = PBXFileReference; lastKnownFileType = sourcecode.c.h; name = position.h; path = ../position.h; sourceTree = SOURCE_ROOT; };
		524CC4DD2E877CB700962621 /* position.cpp */ = {isa = PBXFileReference; lastKnownFileType = sourcecode.cpp.cpp; name = position.cpp; path = ../position.cpp; sourceTree = SOURCE_ROOT; };
		524CC4DF2E877CB700962621 /* projectile.h */ = {isa = PBXFileReference; lastKnownFileType = sourcecode.c.h; name = projectile.h; path = ../projectile.h; sourceTree = SOURCE_ROOT; };
		524CC4E02E877CB700962621 /* projectile.cpp */ = {isa = PBXFileReference; lastKnownFileType = sourcecode.cpp.cpp; name = projectile.cpp; path = ../projectile.cpp; sourceTree = SOURCE_ROOT; };
		524CC4E22E877CB700962621 /* README.md */ = {isa = PBXFileReference; lastKnownFileType = net.daringfireball.markdown; name = README.md; path = ../README.md; sourceTree = SOURCE_ROOT; };
		524CC4E32E877CB700962621 /* satellite.h */ = {isa = PBXFileReference; lastKnownFileType = sourcecode.c.h; name = satellite.h; path = ../satellite.h; sourceTree = SOURCE_ROOT; };
		524CC4E42E877CB700962621 /* satellite.cpp */ = {isa = PBXFileReference; lastKnownFileType = sourcecode.cpp.cpp; name = satellite.cpp; path = ../satellite.cpp; sourceTree = SOURCE_ROOT; };
		524CC4E62E877CB700962621 /* sputnik.h */ = {isa = PBXFileReference; lastKnownFileType = sourcecode.c.h; name = sputnik.h; path = ../sputnik.h; sourceTree = SOURCE_ROOT; };
		524CC4E72E877CB700962621 /* sputnik.cpp */ = {isa = PBXFileReference; lastKnownFileType = sourcecode.cpp.cpp; name = sputnik.cpp; path = ../sputnik.cpp; sourceTree = SOURCE_ROOT; };
		524CC4E92E877CB700962621 /* star.h */ = {isa = PBXFileReference; lastKnownFileType = sourcecode.c.h; name = star.h; path = ../star.h; sourceTree = SOURCE_ROOT; };
		524CC4EA2E877CB700962621 /* starlink.h */ = {isa = PBXFileReference; lastKnownFileType = sourcecode.c.h; name = starlink.h; path = ../starlink.h; sourceTree = SOURCE_ROOT; };
		524CC4EB2E877CB700962621 /* starlink.cpp */ = {isa = PBXFileReference; lastKnownFileType = sourcecode.cpp.cpp; name = starlink.cpp; path = ../starlink.cpp; sourceTree = SOURCE_ROOT; };
		524CC4ED2E877CB700962621 /* test.h */ = {isa = PBXFileReference; lastKnownFileType = sourcecode.c.h; name = test.h; path = ../test.h; sourceTree = SOURCE_ROOT; };
		524CC4EE2E877CB700962621 /* test.cpp */ = {isa = PBXFileReference; lastKnownFileType = sourcecode.cpp.cpp; name = test.cpp; path = ../test.cpp; sourceTree = SOURCE_ROOT; };
		524CC4F02E877CB700962621 /* testAcceleration.h */ = {isa = PBXFileReference; lastKnownFileType = sourcecode.c.h; name = testAcceleration.h; path = ../testAcceleration.h; sourceTree = SOURCE_ROOT; };
		524CC4F12E877CB700962621 /* testAngle.h */ = {isa = PBXFileReference; lastKnownFileType = sourcecode.c.h; name = testAngle.h; path = ../testAngle.h; sourceTree = SOURCE_ROOT; };
		524CC4F22E877CB700962621 /* testDragon.h */ = {isa = PBXFileReference; lastKnownFileType = sourcecode.c.h; name = testDragon.h; path = ../testDragon.h; sourceTree = SOURCE_ROOT; };
		524CC4F32E877CB700962621 /* testDreamChaser.h */ = {isa = PBXFileReference; lastKnownFileType = sourcecode.c.h; name = testDreamChaser.h; path = ../testDreamChaser.h; sourceTree = SOURCE_ROOT; };
		524CC4F42E877CB700962621 /* testFragment.h */ = {isa = PBXFileReference; lastKnownFileType = sourcecode.c.h; name = testFragment.h; path = ../testFragment.h; sourceTree = SOURCE_ROOT; };
		524CC4F52E877CB700962621 /* testGPS.h */ = {isa = PBXFileReference; lastKnownFileType = sourcecode.c.h; name = testGPS.h; path = ../testGPS.h; sourceTree = SOURCE_ROOT; };
		524CC4F62E877CB700962621 /* testHubble.h */ = {isa = PBXFileReference; lastKnownFileType = sourcecode.c.h; name = testHubble.h; path = ../testHubble.h; sourceTree = SOURCE_ROOT; };
		524CC4F72E877CB700962621 /* testOrbitalObject.h */ = {isa = PBXFileReference; lastKnownFileType = sourcecode.c.h; name = testOrbitalObject.h; path = ../testOrbitalObject.h; sourceTree = SOURCE_ROOT; };
		524CC4F82E877CB700962621 /* testPart.h */ = {isa = PBXFileReference; lastKnownFileType = sourcecode.c.h; name = testPart.h; path = ../testPart.h; sourceTree = SOURCE_ROOT; };
		524CC4F92E877CB700962621 /* testPosition.h */ = {isa = PBXFileReference; lastKnownFileType = sourcecode.c.h; name = testPosition.h; path = ../testPosition.h; sourceTree = SOURCE_ROOT; };
		524CC4FA2E877CB700962621 /* testSatellite.h */ = {isa = PBXFileReference; lastKnownFileType = sourcecode.c.h; name = testSatellite.h; path = ../testSatellite.h; sourceTree = SOURCE_ROOT; };
		524CC4FB2E877CB700962621 /* testSputnik.h */ = {isa = PBXFileReference; lastKnownFileType = sourcecode.c.h; name = testSputnik.h; path = ../testSputnik.h; sourceTree = SOURCE_ROOT; };
		524CC4FC2E877CB700962621 /* testStarlink.h */ = {isa = PBXFileReference; lastKnownFileType = sourcecode.c.h; name = testStarlink.h; path = ../testStarlink.h; sourceTree = SOURCE_ROOT; };
		524CC4FD2E877CB700962621 /* testVelocity.h */ = {isa = PBXFileReference; lastKnownFileType = sourcecode.c.h; name = testVelocity.h; path = ../testVelocity.h; sourceTree = SOURCE_ROOT; };
		524CC4FE2E877CB700962621 /* uiDraw.h */ = {isa = PBXFileReference; lastKnownFileType = sourcecode.c.h; name = uiDraw.h; path = ../uiDraw.h; sourceTree = SOURCE_ROOT; };
		524CC4FF2E877CB700962621 /* uiDraw.cpp */ = {isa = PBXFileReference; lastKnownFileType = sourcecode.cpp.cpp; name = uiDraw.cpp; path = ../uiDraw.cpp; sourceTree = SOURCE_ROOT; };
		524CC5012E877CB700962621 /* uiInteract.h */ = {isa = PBXFileReference; lastKnownFileType = sourcecode.c.h; name = uiInteract.h; path = ../uiInteract.h; sourceTree = SOURCE_ROOT; };
		524CC5022E877CB700962621 /* uiInteract.cpp */ = {isa = PBXFileReference; lastKnownFileType = sourcecode.cpp.cpp; name = uiInteract.cpp; path = ../uiInteract.cpp; sourceTree = SOURCE_ROOT; };
		524CC5042E877CB700962621 /* unitTest.h */ = {isa = PBXFileReference; lastKnownFileType = sourcecode.c.h; name = unitTest.h; path = ../unitTest.h; sourceTree = SOURCE_ROOT; };
		524CC5052E877CB700962621 /* velocity.h */ = {isa = PBXFileReference; lastKnownFileType = sourcecode.c.h; name = velocity.h; path = ../velocity.h; sourceTree = SOURCE_ROOT; };
		524CC5062E877CB700962621 /* velocity.cpp */ = {isa = PBXFileReference; lastKnownFileType = sourcecode.cpp.cpp; name = velocity.cpp; path = ../velocity.cpp; sourceTree = SOURCE_ROOT; };
		524CC5302E877DCA00962621 /* OpenGL.framework */ = {isa = PBXFileReference; lastKnownFileType = wrapper.framework; name = OpenGL.framework; path = System/Library/Frameworks/OpenGL.framework; sourceTree = SDKROOT; };
		524CC5322E877DD100962621 /* GLUT.framework */ = {isa = PBXFileReference; lastKnownFileType = wrapper.framework; name = GLUT.framework; path = System/Library/Frameworks/GLUT.framework; sourceTree = SDKROOT; };
/* End PBXFileReference section */

/* Begin PBXFileSystemSynchronizedRootGroup section */
		524CC4B42E8779FF00962621 /* OrbitSimulator */ = {
			isa = PBXFileSystemSynchronizedRootGroup;
			path = OrbitSimulator;
			sourceTree = "<group>";
		};
/* End PBXFileSystemSynchronizedRootGroup section */

/* Begin PBXFrameworksBuildPhase section */
		524CC4AF2E8779FF00962621 /* Frameworks */ = {
			isa = PBXFrameworksBuildPhase;
			buildActionMask = 2147483647;
			files = (
				524CC5332E877DD100962621 /* GLUT.framework in Frameworks */,
				524CC5312E877DCA00962621 /* OpenGL.framework in Frameworks */,
			);
			runOnlyForDeploymentPostprocessing = 0;
		};
/* End PBXFrameworksBuildPhase section */

/* Begin PBXGroup section */
		524CC4A92E8779FF00962621 = {
			isa = PBXGroup;
			children = (
				524CC4BC2E877CB700962621 /* acceleration.h */,
				524CC4BD2E877CB700962621 /* acceleration.cpp */,
				524CC4BF2E877CB700962621 /* angle.h */,
				524CC4C02E877CB700962621 /* angle.cpp */,
				524CC4C22E877CB700962621 /* dragon.h */,
				524CC4C32E877CB700962621 /* dragon.cpp */,
				524CC4C52E877CB700962621 /* DreamChaser.h */,
				524CC4C62E877CB700962621 /* DreamChaser.cpp */,
				524CC4C82E877CB700962621 /* fragment.h */,
				524CC4C92E877CB700962621 /* fragment.cpp */,
				524CC4CB2E877CB700962621 /* gps.h */,
				524CC4CC2E877CB700962621 /* gps.cpp */,
				524CC4CE2E877CB700962621 /* hubble.h */,
				524CC4CF2E877CB700962621 /* hubble.cpp */,
				524CC4D12E877CB700962621 /* Lab07.cpp */,
				524CC4D32E877CB700962621 /* Makefile */,
				524CC4D42E877CB700962621 /* orbit */,
				524CC4D52E877CB700962621 /* OrbitalObject.h */,
				524CC4D62E877CB700962621 /* part.h */,
				524CC4D72E877CB700962621 /* part.cpp */,
				524CC4D92E877CB700962621 /* physics.h */,
				524CC4DA2E877CB700962621 /* physics.cpp */,
				524CC4DC2E877CB700962621 /* position.h */,
				524CC4DD2E877CB700962621 /* position.cpp */,
				524CC4DF2E877CB700962621 /* projectile.h */,
				524CC4E02E877CB700962621 /* projectile.cpp */,
				524CC4E22E877CB700962621 /* README.md */,
				524CC4E32E877CB700962621 /* satellite.h */,
				524CC4E42E877CB700962621 /* satellite.cpp */,
				524CC4E62E877CB700962621 /* sputnik.h */,
				524CC4E72E877CB700962621 /* sputnik.cpp */,
				524CC4E92E877CB700962621 /* star.h */,
				524CC4EA2E877CB700962621 /* starlink.h */,
				524CC4EB2E877CB700962621 /* starlink.cpp */,
				524CC4ED2E877CB700962621 /* test.h */,
				524CC4EE2E877CB700962621 /* test.cpp */,
				524CC4F02E877CB700962621 /* testAcceleration.h */,
				524CC4F12E877CB700962621 /* testAngle.h */,
				524CC4F22E877CB700962621 /* testDragon.h */,
				524CC4F32E877CB700962621 /* testDreamChaser.h */,
				524CC4F42E877CB700962621 /* testFragment.h */,
				524CC4F52E877CB700962621 /* testGPS.h */,
				524CC4F62E877CB700962621 /* testHubble.h */,
				524CC4F72E877CB700962621 /* testOrbitalObject.h */,
				524CC4F82E877CB700962621 /* testPart.h */,
				524CC4F92E877CB700962621 /* testPosition.h */,
				524CC4FA2E877CB700962621 /* testSatellite.h */,
				524CC4FB2E877CB700962621 /* testSputnik.h */,
				524CC4FC2E877CB700962621 /* testStarlink.h */,
				524CC4FD2E877CB700962621 /* testVelocity.h */,
				524CC4FE2E877CB700962621 /* uiDraw.h */,
				524CC4FF2E877CB700962621 /* uiDraw.cpp */,
				524CC5012E877CB700962621 /* uiInteract.h */,
				524CC5022E877CB700962621 /* uiInteract.cpp */,
				524CC5042E877CB700962621 /* unitTest.h */,
				524CC5052E877CB700962621 /* velocity.h */,
				524CC5062E877CB700962621 /* velocity.cpp */,
				524CC4B42E8779FF00962621 /* OrbitSimulator */,
				524CC52F2E877DCA00962621 /* Frameworks */,
				524CC4B32E8779FF00962621 /* Products */,
			);
			sourceTree = "<group>";
		};
		524CC4B32E8779FF00962621 /* Products */ = {
			isa = PBXGroup;
			children = (
				524CC4B22E8779FF00962621 /* OrbitSimulator */,
			);
			name = Products;
			sourceTree = "<group>";
		};
		524CC52F2E877DCA00962621 /* Frameworks */ = {
			isa = PBXGroup;
			children = (
				524CC5322E877DD100962621 /* GLUT.framework */,
				524CC5302E877DCA00962621 /* OpenGL.framework */,
			);
			name = Frameworks;
			sourceTree = "<group>";
		};
/* End PBXGroup section */

/* Begin PBXNativeTarget section */
		524CC4B12E8779FF00962621 /* OrbitSimulator */ = {
			isa = PBXNativeTarget;
			buildConfigurationList = 524CC4B92E8779FF00962621 /* Build configuration list for PBXNativeTarget "OrbitSimulator" */;
			buildPhases = (
				524CC4AE2E8779FF00962621 /* Sources */,
				524CC4AF2E8779FF00962621 /* Frameworks */,
				524CC4B02E8779FF00962621 /* CopyFiles */,
			);
			buildRules = (
			);
			dependencies = (
			);
			fileSystemSynchronizedGroups = (
				524CC4B42E8779FF00962621 /* OrbitSimulator */,
			);
			name = OrbitSimulator;
			packageProductDependencies = (
			);
			productName = OrbitSimulator;
			productReference = 524CC4B22E8779FF00962621 /* OrbitSimulator */;
			productType = "com.apple.product-type.tool";
		};
/* End PBXNativeTarget section */

/* Begin PBXProject section */
		524CC4AA2E8779FF00962621 /* Project object */ = {
			isa = PBXProject;
			attributes = {
				BuildIndependentTargetsInParallel = 1;
				LastUpgradeCheck = 1640;
				TargetAttributes = {
					524CC4B12E8779FF00962621 = {
						CreatedOnToolsVersion = 16.4;
					};
				};
			};
			buildConfigurationList = 524CC4AD2E8779FF00962621 /* Build configuration list for PBXProject "OrbitSimulator" */;
			developmentRegion = en;
			hasScannedForEncodings = 0;
			knownRegions = (
				en,
				Base,
			);
			mainGroup = 524CC4A92E8779FF00962621;
			minimizedProjectReferenceProxies = 1;
			preferredProjectObjectVersion = 77;
			productRefGroup = 524CC4B32E8779FF00962621 /* Products */;
			projectDirPath = "";
			projectRoot = "";
			targets = (
				524CC4B12E8779FF00962621 /* OrbitSimulator */,
			);
		};
/* End PBXProject section */

/* Begin PBXSourcesBuildPhase section */
		524CC4AE2E8779FF00962621 /* Sources */ = {
			isa = PBXSourcesBuildPhase;
			buildActionMask = 2147483647;
			files = (
				524CC5082E877CB700962621 /* sputnik.cpp in Sources */,
				524CC5092E877CB700962621 /* position.cpp in Sources */,
				524CC50A2E877CB700962621 /* hubble.cpp in Sources */,
				524CC50B2E877CB700962621 /* velocity.cpp in Sources */,
				524CC50C2E877CB700962621 /* physics.cpp in Sources */,
				524CC50D2E877CB700962621 /* part.cpp in Sources */,
				524CC50E2E877CB700962621 /* fragment.cpp in Sources */,
				524CC50F2E877CB700962621 /* uiDraw.cpp in Sources */,
				524CC5102E877CB700962621 /* DreamChaser.cpp in Sources */,
				524CC5112E877CB700962621 /* starlink.cpp in Sources */,
				524CC5122E877CB700962621 /* acceleration.cpp in Sources */,
				524CC5132E877CB700962621 /* dragon.cpp in Sources */,
				524CC5142E877CB700962621 /* uiInteract.cpp in Sources */,
				524CC5152E877CB700962621 /* Lab07.cpp in Sources */,
				524CC5162E877CB700962621 /* satellite.cpp in Sources */,
				524CC5172E877CB700962621 /* gps.cpp in Sources */,
				524CC5182E877CB700962621 /* test.cpp in Sources */,
				524CC5192E877CB700962621 /* Makefile in Sources */,
				524CC51A2E877CB700962621 /* angle.cpp in Sources */,
				524CC51B2E877CB700962621 /* projectile.cpp in Sources */,
			);
			runOnlyForDeploymentPostprocessing = 0;
		};
/* End PBXSourcesBuildPhase section */

/* Begin XCBuildConfiguration section */
		524CC4B72E8779FF00962621 /* Debug */ = {
			isa = XCBuildConfiguration;
			buildSettings = {
				ALWAYS_SEARCH_USER_PATHS = NO;
				ASSETCATALOG_COMPILER_GENERATE_SWIFT_ASSET_SYMBOL_EXTENSIONS = YES;
				CLANG_ANALYZER_NONNULL = YES;
				CLANG_ANALYZER_NUMBER_OBJECT_CONVERSION = YES_AGGRESSIVE;
				CLANG_CXX_LANGUAGE_STANDARD = "gnu++20";
				CLANG_ENABLE_MODULES = YES;
				CLANG_ENABLE_OBJC_ARC = YES;
				CLANG_ENABLE_OBJC_WEAK = YES;
				CLANG_WARN_BLOCK_CAPTURE_AUTORELEASING = YES;
				CLANG_WARN_BOOL_CONVERSION = YES;
				CLANG_WARN_COMMA = YES;
				CLANG_WARN_CONSTANT_CONVERSION = YES;
				CLANG_WARN_DEPRECATED_OBJC_IMPLEMENTATIONS = YES;
				CLANG_WARN_DIRECT_OBJC_ISA_USAGE = YES_ERROR;
				CLANG_WARN_DOCUMENTATION_COMMENTS = YES;
				CLANG_WARN_EMPTY_BODY = YES;
				CLANG_WARN_ENUM_CONVERSION = YES;
				CLANG_WARN_INFINITE_RECURSION = YES;
				CLANG_WARN_INT_CONVERSION = YES;
				CLANG_WARN_NON_LITERAL_NULL_CONVERSION = YES;
				CLANG_WARN_OBJC_IMPLICIT_RETAIN_SELF = YES;
				CLANG_WARN_OBJC_LITERAL_CONVERSION = YES;
				CLANG_WARN_OBJC_ROOT_CLASS = YES_ERROR;
				CLANG_WARN_QUOTED_INCLUDE_IN_FRAMEWORK_HEADER = YES;
				CLANG_WARN_RANGE_LOOP_ANALYSIS = YES;
				CLANG_WARN_STRICT_PROTOTYPES = YES;
				CLANG_WARN_SUSPICIOUS_MOVE = YES;
				CLANG_WARN_UNGUARDED_AVAILABILITY = YES_AGGRESSIVE;
				CLANG_WARN_UNREACHABLE_CODE = YES;
				CLANG_WARN__DUPLICATE_METHOD_MATCH = YES;
				COPY_PHASE_STRIP = NO;
				DEBUG_INFORMATION_FORMAT = dwarf;
				DEVELOPMENT_TEAM = H7P749STR7;
				ENABLE_STRICT_OBJC_MSGSEND = YES;
				ENABLE_TESTABILITY = YES;
				ENABLE_USER_SCRIPT_SANDBOXING = YES;
				GCC_C_LANGUAGE_STANDARD = gnu17;
				GCC_DYNAMIC_NO_PIC = NO;
				GCC_NO_COMMON_BLOCKS = YES;
				GCC_OPTIMIZATION_LEVEL = 0;
				GCC_PREPROCESSOR_DEFINITIONS = (
					"DEBUG=1",
					"$(inherited)",
				);
				GCC_WARN_64_TO_32_BIT_CONVERSION = YES;
				GCC_WARN_ABOUT_RETURN_TYPE = YES_ERROR;
				GCC_WARN_UNDECLARED_SELECTOR = YES;
				GCC_WARN_UNINITIALIZED_AUTOS = YES_AGGRESSIVE;
				GCC_WARN_UNUSED_FUNCTION = YES;
				GCC_WARN_UNUSED_VARIABLE = YES;
				LOCALIZATION_PREFERS_STRING_CATALOGS = YES;
				MACOSX_DEPLOYMENT_TARGET = 15.5;
				MTL_ENABLE_DEBUG_INFO = INCLUDE_SOURCE;
				MTL_FAST_MATH = YES;
				ONLY_ACTIVE_ARCH = YES;
				SDKROOT = macosx;
			};
			name = Debug;
		};
		524CC4B82E8779FF00962621 /* Release */ = {
			isa = XCBuildConfiguration;
			buildSettings = {
				ALWAYS_SEARCH_USER_PATHS = NO;
				ASSETCATALOG_COMPILER_GENERATE_SWIFT_ASSET_SYMBOL_EXTENSIONS = YES;
				CLANG_ANALYZER_NONNULL = YES;
				CLANG_ANALYZER_NUMBER_OBJECT_CONVERSION = YES_AGGRESSIVE;
				CLANG_CXX_LANGUAGE_STANDARD = "gnu++20";
				CLANG_ENABLE_MODULES = YES;
				CLANG_ENABLE_OBJC_ARC = YES;
				CLANG_ENABLE_OBJC_WEAK = YES;
				CLANG_WARN_BLOCK_CAPTURE_AUTORELEASING = YES;
				CLANG_WARN_BOOL_CONVERSION = YES;
				CLANG_WARN_COMMA = YES;
				CLANG_WARN_CONSTANT_CONVERSION = YES;
				CLANG_WARN_DEPRECATED_OBJC_IMPLEMENTATIONS = YES;
				CLANG_WARN_DIRECT_OBJC_ISA_USAGE = YES_ERROR;
				CLANG_WARN_DOCUMENTATION_COMMENTS = YES;
				CLANG_WARN_EMPTY_BODY = YES;
				CLANG_WARN_ENUM_CONVERSION = YES;
				CLANG_WARN_INFINITE_RECURSION = YES;
				CLANG_WARN_INT_CONVERSION = YES;
				CLANG_WARN_NON_LITERAL_NULL_CONVERSION = YES;
				CLANG_WARN_OBJC_IMPLICIT_RETAIN_SELF = YES;
				CLANG_WARN_OBJC_LITERAL_CONVERSION = YES;
				CLANG_WARN_OBJC_ROOT_CLASS = YES_ERROR;
				CLANG_WARN_QUOTED_INCLUDE_IN_FRAMEWORK_HEADER = YES;
				CLANG_WARN_RANGE_LOOP_ANALYSIS = YES;
				CLANG_WARN_STRICT_PROTOTYPES = YES;
				CLANG_WARN_SUSPICIOUS_MOVE = YES;
				CLANG_WARN_UNGUARDED_AVAILABILITY = YES_AGGRESSIVE;
				CLANG_WARN_UNREACHABLE_CODE = YES;
				CLANG_WARN__DUPLICATE_METHOD_MATCH = YES;
				COPY_PHASE_STRIP = NO;
				DEBUG_INFORMATION_FORMAT = "dwarf-with-dsym";
				DEVELOPMENT_TEAM = H7P749STR7;
				ENABLE_NS_ASSERTIONS = NO;
				ENABLE_STRICT_OBJC_MSGSEND = YES;
				ENABLE_USER_SCRIPT_SANDBOXING = YES;
				GCC_C_LANGUAGE_STANDARD = gnu17;
				GCC_NO_COMMON_BLOCKS = YES;
				GCC_WARN_64_TO_32_BIT_CONVERSION = YES;
				GCC_WARN_ABOUT_RETURN_TYPE = YES_ERROR;
				GCC_WARN_UNDECLARED_SELECTOR = YES;
				GCC_WARN_UNINITIALIZED_AUTOS = YES_AGGRESSIVE;
				GCC_WARN_UNUSED_FUNCTION = YES;
				GCC_WARN_UNUSED_VARIABLE = YES;
				LOCALIZATION_PREFERS_STRING_CATALOGS = YES;
				MACOSX_DEPLOYMENT_TARGET = 15.5;
				MTL_ENABLE_DEBUG_INFO = NO;
				MTL_FAST_MATH = YES;
				SDKROOT = macosx;
			};
			name = Release;
		};
		524CC4BA2E8779FF00962621 /* Debug */ = {
			isa = XCBuildConfiguration;
			buildSettings = {
				CODE_SIGN_STYLE = Automatic;
				DEVELOPMENT_TEAM = H7P749STR7;
				ENABLE_HARDENED_RUNTIME = YES;
				PRODUCT_NAME = "$(TARGET_NAME)";
			};
			name = Debug;
		};
		524CC4BB2E8779FF00962621 /* Release */ = {
			isa = XCBuildConfiguration;
			buildSettings = {
				CODE_SIGN_STYLE = Automatic;
				DEVELOPMENT_TEAM = H7P749STR7;
				ENABLE_HARDENED_RUNTIME = YES;
				PRODUCT_NAME = "$(TARGET_NAME)";
			};
			name = Release;
		};
/* End XCBuildConfiguration section */

/* Begin XCConfigurationList section */
		524CC4AD2E8779FF00962621 /* Build configuration list for PBXProject "OrbitSimulator" */ = {
			isa = XCConfigurationList;
			buildConfigurations = (
				524CC4B72E8779FF00962621 /* Debug */,
				524CC4B82E8779FF00962621 /* Release */,
			);
			defaultConfigurationIsVisible = 0;
			defaultConfigurationName = Release;
		};
		524CC4B92E8779FF00962621 /* Build configuration list for PBXNativeTarget "OrbitSimulator" */ = {
			isa = XCConfigurationList;
			buildConfigurations = (
				524CC4BA2E8779FF00962621 /* Debug */,
				524CC4BB2E8779FF00962621 /* Release */,
			);
			defaultConfigurationIsVisible = 0;
			defaultConfigurationName = Release;
		};
/* End XCConfigurationList section */
	};
	rootObject = 524CC4AA2E8779FF00962621 /* Project object */;
}
